
Microsoft Visual Studio Solution File, Format Version 12.00
# Visual Studio Version 17
VisualStudioVersion = 17.5.002.0
MinimumVisualStudioVersion = 10.0.40219.1
Project("{9A19103F-16F7-4668-BE54-9A1E7A4F7556}") = "EjercicioClase", "EjercicioClase.csproj", "{5152DADB-8E0A-4019-A759-9B97E31ED6E0}"
EndProject
Global
	GlobalSection(SolutionConfigurationPlatforms) = preSolution
		Debug|Any CPU = Debug|Any CPU
		Release|Any CPU = Release|Any CPU
	EndGlobalSection
	GlobalSection(ProjectConfigurationPlatforms) = postSolution
		{5152DADB-8E0A-4019-A759-9B97E31ED6E0}.Debug|Any CPU.ActiveCfg = Debug|Any CPU
		{5152DADB-8E0A-4019-A759-9B97E31ED6E0}.Debug|Any CPU.Build.0 = Debug|Any CPU
		{5152DADB-8E0A-4019-A759-9B97E31ED6E0}.Release|Any CPU.ActiveCfg = Release|Any CPU
		{5152DADB-8E0A-4019-A759-9B97E31ED6E0}.Release|Any CPU.Build.0 = Release|Any CPU
	EndGlobalSection
	GlobalSection(SolutionProperties) = preSolution
		HideSolutionNode = FALSE
	EndGlobalSection
	GlobalSection(ExtensibilityGlobals) = postSolution
		SolutionGuid = {F71B2F4B-0EE8-4BFC-B069-33BC1F3AC233}
	EndGlobalSection
EndGlobal
